
Microsoft Visual Studio Solution File, Format Version 12.00
# Visual Studio Version 17
VisualStudioVersion = 17.14.36408.4 d17.14
MinimumVisualStudioVersion = 10.0.40219.1
Project("{FAE04EC0-301F-11D3-BF4B-00C04F79EFBC}") = "TranstFeeds", "TranstFeeds.csproj", "{04FE1151-BD11-4D56-A28B-17FEC39D2763}"
EndProject
Global
	GlobalSection(SolutionConfigurationPlatforms) = preSolution
		Debug|Any CPU = Debug|Any CPU
		Release|Any CPU = Release|Any CPU
	EndGlobalSection
	GlobalSection(ProjectConfigurationPlatforms) = postSolution
		{04FE1151-BD11-4D56-A28B-17FEC39D2763}.Debug|Any CPU.ActiveCfg = Debug|Any CPU
		{04FE1151-BD11-4D56-A28B-17FEC39D2763}.Debug|Any CPU.Build.0 = Debug|Any CPU
		{04FE1151-BD11-4D56-A28B-17FEC39D2763}.Release|Any CPU.ActiveCfg = Release|Any CPU
		{04FE1151-BD11-4D56-A28B-17FEC39D2763}.Release|Any CPU.Build.0 = Release|Any CPU
	EndGlobalSection
	GlobalSection(SolutionProperties) = preSolution
		HideSolutionNode = FALSE
	EndGlobalSection
	GlobalSection(ExtensibilityGlobals) = postSolution
		SolutionGuid = {E7DE1B2F-9694-4DAA-B0AA-F7168F1CD055}
	EndGlobalSection
EndGlobal
